{
  "version": 4,
  "terraform_version": "1.1.9",
  "serial": 74,
  "lineage": "7dc82ebe-7008-dd11-9b83-5850bee9298a",
  "outputs": {
    "lambda": {
      "value": "arn:aws:lambda:us-east-1:439828058928:function:ssl_check_cert_expiry:$LATEST",
      "type": "string"
    }
  },
  "resources": [
    {
      "mode": "data",
      "type": "archive_file",
      "name": "zip",
      "provider": "provider[\"registry.terraform.io/hashicorp/archive\"]",
      "instances": [
        {
          "schema_version": 0,
          "attributes": {
            "excludes": null,
            "id": "aa413eafd62d9bdf5bc4be8884f424070e6bf35a",
            "output_base64sha256": "EPsl7naOmbP2Etp8kL6GBCiaRlouxOzuJ0/wFQ2W7YM=",
            "output_file_mode": null,
            "output_md5": "67d65aac9a36916f62036d8949525056",
            "output_path": "ssl_check_cert_expiry.zip",
            "output_sha": "aa413eafd62d9bdf5bc4be8884f424070e6bf35a",
            "output_size": 2651,
            "source": [],
            "source_content": null,
            "source_content_filename": null,
            "source_dir": null,
            "source_file": "ssl_check_cert_expiry.py",
            "type": "zip"
          },
          "sensitive_attributes": []
        }
      ]
    },
    {
      "mode": "data",
      "type": "aws_iam_policy_document",
      "name": "policy",
      "provider": "provider[\"registry.terraform.io/hashicorp/aws\"]",
      "instances": [
        {
          "schema_version": 0,
          "attributes": {
            "id": "3693445097",
            "json": "{\n  \"Version\": \"2012-10-17\",\n  \"Statement\": [\n    {\n      \"Sid\": \"\",\n      \"Effect\": \"Allow\",\n      \"Action\": \"sts:AssumeRole\",\n      \"Principal\": {\n        \"Service\": \"lambda.amazonaws.com\"\n      }\n    }\n  ]\n}",
            "override_json": null,
            "override_policy_documents": null,
            "policy_id": null,
            "source_json": null,
            "source_policy_documents": null,
            "statement": [
              {
                "actions": [
                  "sts:AssumeRole"
                ],
                "condition": [],
                "effect": "Allow",
                "not_actions": [],
                "not_principals": [],
                "not_resources": [],
                "principals": [
                  {
                    "identifiers": [
                      "lambda.amazonaws.com"
                    ],
                    "type": "Service"
                  }
                ],
                "resources": [],
                "sid": ""
              }
            ],
            "version": "2012-10-17"
          },
          "sensitive_attributes": []
        }
      ]
    },
    {
      "mode": "managed",
      "type": "aws_iam_policy",
      "name": "lambda-policy",
      "provider": "provider[\"registry.terraform.io/hashicorp/aws\"]",
      "instances": [
        {
          "schema_version": 0,
          "attributes": {
            "arn": "arn:aws:iam::439828058928:policy/lambda-policy",
            "description": "",
            "id": "arn:aws:iam::439828058928:policy/lambda-policy",
            "name": "lambda-policy",
            "name_prefix": null,
            "path": "/",
            "policy": "{\"Statement\":[{\"Action\":\"logs:CreateLogGroup\",\"Effect\":\"Allow\",\"Resource\":\"arn:aws:logs:us-east-1:439828058928:*\",\"Sid\":\"LambdaCertificateExpiryPolicy1\"},{\"Action\":[\"logs:CreateLogStream\",\"logs:PutLogEvents\"],\"Effect\":\"Allow\",\"Resource\":[\"arn:aws:logs:us-east-1:439828058928:log-group:/aws/lambda/ssl_check_cert_expiry:*\"],\"Sid\":\"LambdaCertificateExpiryPolicy2\"},{\"Action\":[\"acm:DescribeCertificate\",\"acm:GetCertificate\",\"acm:ListCertificates\",\"acm:ListTagsForCertificate\"],\"Effect\":\"Allow\",\"Resource\":\"*\",\"Sid\":\"LambdaCertificateExpiryPolicy3\"},{\"Action\":\"SNS:Publish\",\"Effect\":\"Allow\",\"Resource\":\"*\",\"Sid\":\"LambdaCertificateExpiryPolicy4\"},{\"Action\":[\"SecurityHub:BatchImportFindings\",\"SecurityHub:BatchUpdateFindings\",\"SecurityHub:DescribeHub\"],\"Effect\":\"Allow\",\"Resource\":\"*\",\"Sid\":\"LambdaCertificateExpiryPolicy5\"},{\"Action\":\"cloudwatch:ListMetrics\",\"Effect\":\"Allow\",\"Resource\":\"*\",\"Sid\":\"LambdaCertificateExpiryPolicy6\"}],\"Version\":\"2012-10-17\"}",
            "policy_id": "ANPAWMZ6LSMYAEFIKJTFB",
            "tags": null,
            "tags_all": {}
          },
          "sensitive_attributes": [],
          "private": "bnVsbA=="
        }
      ]
    },
    {
      "mode": "managed",
      "type": "aws_iam_role",
      "name": "lambda-role",
      "provider": "provider[\"registry.terraform.io/hashicorp/aws\"]",
      "instances": [
        {
          "schema_version": 0,
          "attributes": {
            "arn": "arn:aws:iam::439828058928:role/lambda-role",
            "assume_role_policy": "{\"Statement\":[{\"Action\":\"sts:AssumeRole\",\"Effect\":\"Allow\",\"Principal\":{\"Service\":\"lambda.amazonaws.com\"},\"Sid\":\"\"}],\"Version\":\"2012-10-17\"}",
            "create_date": "2022-08-27T20:08:08Z",
            "description": "",
            "force_detach_policies": false,
            "id": "lambda-role",
            "inline_policy": [],
            "managed_policy_arns": [],
            "max_session_duration": 3600,
            "name": "lambda-role",
            "name_prefix": "",
            "path": "/",
            "permissions_boundary": null,
            "tags": null,
            "tags_all": {},
            "unique_id": "AROAWMZ6LSMYFWEDIYSXY"
          },
          "sensitive_attributes": [],
          "private": "bnVsbA=="
        }
      ]
    },
    {
      "mode": "managed",
      "type": "aws_iam_role_policy_attachment",
      "name": "lambda-attach",
      "provider": "provider[\"registry.terraform.io/hashicorp/aws\"]",
      "instances": [
        {
          "schema_version": 0,
          "attributes": {
            "id": "lambda-role-20220827200810814100000001",
            "policy_arn": "arn:aws:iam::439828058928:policy/lambda-policy",
            "role": "lambda-role"
          },
          "sensitive_attributes": [],
          "private": "bnVsbA==",
          "dependencies": [
            "aws_iam_policy.lambda-policy",
            "aws_iam_role.lambda-role"
          ]
        }
      ]
    },
    {
      "mode": "managed",
      "type": "aws_lambda_function",
      "name": "lambda",
      "provider": "provider[\"registry.terraform.io/hashicorp/aws\"]",
      "instances": [
        {
          "schema_version": 0,
          "attributes": {
            "architectures": [
              "x86_64"
            ],
            "arn": "arn:aws:lambda:us-east-1:439828058928:function:ssl_check_cert_expiry",
            "code_signing_config_arn": "",
            "dead_letter_config": [],
            "description": "",
            "environment": [],
            "ephemeral_storage": [
              {
                "size": 512
              }
            ],
            "file_system_config": [],
            "filename": "ssl_check_cert_expiry.zip",
            "function_name": "ssl_check_cert_expiry",
            "handler": "ssl_check_cert_expiry.lambda_handler",
            "id": "ssl_check_cert_expiry",
            "image_config": [],
            "image_uri": "",
            "invoke_arn": "arn:aws:apigateway:us-east-1:lambda:path/2015-03-31/functions/arn:aws:lambda:us-east-1:439828058928:function:ssl_check_cert_expiry/invocations",
            "kms_key_arn": "",
            "last_modified": "2022-08-27T20:08:19.880+0000",
            "layers": null,
            "memory_size": 128,
            "package_type": "Zip",
            "publish": false,
            "qualified_arn": "arn:aws:lambda:us-east-1:439828058928:function:ssl_check_cert_expiry:$LATEST",
            "reserved_concurrent_executions": -1,
            "role": "arn:aws:iam::439828058928:role/lambda-role",
            "runtime": "python3.8",
            "s3_bucket": null,
            "s3_key": null,
            "s3_object_version": null,
            "signing_job_arn": "",
            "signing_profile_version_arn": "",
            "source_code_hash": "EPsl7naOmbP2Etp8kL6GBCiaRlouxOzuJ0/wFQ2W7YM=",
            "source_code_size": 2651,
            "tags": null,
            "tags_all": {},
            "timeout": 3,
            "timeouts": null,
            "tracing_config": [
              {
                "mode": "PassThrough"
              }
            ],
            "version": "$LATEST",
            "vpc_config": []
          },
          "sensitive_attributes": [],
          "private": "eyJlMmJmYjczMC1lY2FhLTExZTYtOGY4OC0zNDM2M2JjN2M0YzAiOnsiY3JlYXRlIjo2MDAwMDAwMDAwMDB9fQ==",
          "dependencies": [
            "aws_iam_role.lambda-role",
            "data.archive_file.zip"
          ]
        }
      ]
    }
  ]
}
